// !$*UTF8*$!
{
	archiveVersion = 1;
	classes = {
	};
	objectVersion = 56;
	objects = {

/* Begin PBXBuildFile section */
		F3DC1D0A2968D107008D124E /* AppDelegate.swift in Sources */ = {isa = PBXBuildFile; fileRef = F3DC1D092968D107008D124E /* AppDelegate.swift */; };
		F3DC1D0C2968D107008D124E /* SceneDelegate.swift in Sources */ = {isa = PBXBuildFile; fileRef = F3DC1D0B2968D107008D124E /* SceneDelegate.swift */; };
		F3DC1D0E2968D107008D124E /* ViewController.swift in Sources */ = {isa = PBXBuildFile; fileRef = F3DC1D0D2968D107008D124E /* ViewController.swift */; };
		F3DC1D112968D107008D124E /* Main.storyboard in Resources */ = {isa = PBXBuildFile; fileRef = F3DC1D0F2968D107008D124E /* Main.storyboard */; };
		F3DC1D142968D107008D124E /* Habit_Tracker_Calendar.xcdatamodeld in Sources */ = {isa = PBXBuildFile; fileRef = F3DC1D122968D107008D124E /* Habit_Tracker_Calendar.xcdatamodeld */; };
		F3DC1D162968D108008D124E /* Assets.xcassets in Resources */ = {isa = PBXBuildFile; fileRef = F3DC1D152968D108008D124E /* Assets.xcassets */; };
		F3DC1D192968D108008D124E /* LaunchScreen.storyboard in Resources */ = {isa = PBXBuildFile; fileRef = F3DC1D172968D108008D124E /* LaunchScreen.storyboard */; };
		F3DC1D242968D108008D124E /* Habit_Tracker_CalendarTests.swift in Sources */ = {isa = PBXBuildFile; fileRef = F3DC1D232968D108008D124E /* Habit_Tracker_CalendarTests.swift */; };
		F3DC1D2E2968D108008D124E /* Habit_Tracker_CalendarUITests.swift in Sources */ = {isa = PBXBuildFile; fileRef = F3DC1D2D2968D108008D124E /* Habit_Tracker_CalendarUITests.swift */; };
		F3DC1D302968D108008D124E /* Habit_Tracker_CalendarUITestsLaunchTests.swift in Sources */ = {isa = PBXBuildFile; fileRef = F3DC1D2F2968D108008D124E /* Habit_Tracker_CalendarUITestsLaunchTests.swift */; };
/* End PBXBuildFile section */

/* Begin PBXContainerItemProxy section */
		F3DC1D202968D108008D124E /* PBXContainerItemProxy */ = {
			isa = PBXContainerItemProxy;
			containerPortal = F3DC1CFE2968D107008D124E /* Project object */;
			proxyType = 1;
			remoteGlobalIDString = F3DC1D052968D107008D124E;
			remoteInfo = "Habit Tracker Calendar";
		};
		F3DC1D2A2968D108008D124E /* PBXContainerItemProxy */ = {
			isa = PBXContainerItemProxy;
			containerPortal = F3DC1CFE2968D107008D124E /* Project object */;
			proxyType = 1;
			remoteGlobalIDString = F3DC1D052968D107008D124E;
			remoteInfo = "Habit Tracker Calendar";
		};
/* End PBXContainerItemProxy section */

/* Begin PBXFileReference section */
		F3DC1D062968D107008D124E /* Habit Tracker Calendar.app */ = {isa = PBXFileReference; explicitFileType = wrapper.application; includeInIndex = 0; path = "Habit Tracker Calendar.app"; sourceTree = BUILT_PRODUCTS_DIR; };
		F3DC1D092968D107008D124E /* AppDelegate.swift */ = {isa = PBXFileReference; lastKnownFileType = sourcecode.swift; path = AppDelegate.swift; sourceTree = "<group>"; };
		F3DC1D0B2968D107008D124E /* SceneDelegate.swift */ = {isa = PBXFileReference; lastKnownFileType = sourcecode.swift; path = SceneDelegate.swift; sourceTree = "<group>"; };
		F3DC1D0D2968D107008D124E /* ViewController.swift */ = {isa = PBXFileReference; lastKnownFileType = sourcecode.swift; path = ViewController.swift; sourceTree = "<group>"; };
		F3DC1D102968D107008D124E /* Base */ = {isa = PBXFileReference; lastKnownFileType = file.storyboard; name = Base; path = Base.lproj/Main.storyboard; sourceTree = "<group>"; };
		F3DC1D132968D107008D124E /* Habit_Tracker_Calendar.xcdatamodel */ = {isa = PBXFileReference; lastKnownFileType = wrapper.xcdatamodel; path = Habit_Tracker_Calendar.xcdatamodel; sourceTree = "<group>"; };
		F3DC1D152968D108008D124E /* Assets.xcassets */ = {isa = PBXFileReference; lastKnownFileType = folder.assetcatalog; path = Assets.xcassets; sourceTree = "<group>"; };
		F3DC1D182968D108008D124E /* Base */ = {isa = PBXFileReference; lastKnownFileType = file.storyboard; name = Base; path = Base.lproj/LaunchScreen.storyboard; sourceTree = "<group>"; };
		F3DC1D1A2968D108008D124E /* Info.plist */ = {isa = PBXFileReference; lastKnownFileType = text.plist.xml; path = Info.plist; sourceTree = "<group>"; };
		F3DC1D1F2968D108008D124E /* Habit Tracker CalendarTests.xctest */ = {isa = PBXFileReference; explicitFileType = wrapper.cfbundle; includeInIndex = 0; path = "Habit Tracker CalendarTests.xctest"; sourceTree = BUILT_PRODUCTS_DIR; };
		F3DC1D232968D108008D124E /* Habit_Tracker_CalendarTests.swift */ = {isa = PBXFileReference; lastKnownFileType = sourcecode.swift; path = Habit_Tracker_CalendarTests.swift; sourceTree = "<group>"; };
		F3DC1D292968D108008D124E /* Habit Tracker CalendarUITests.xctest */ = {isa = PBXFileReference; explicitFileType = wrapper.cfbundle; includeInIndex = 0; path = "Habit Tracker CalendarUITests.xctest"; sourceTree = BUILT_PRODUCTS_DIR; };
		F3DC1D2D2968D108008D124E /* Habit_Tracker_CalendarUITests.swift */ = {isa = PBXFileReference; lastKnownFileType = sourcecode.swift; path = Habit_Tracker_CalendarUITests.swift; sourceTree = "<group>"; };
		F3DC1D2F2968D108008D124E /* Habit_Tracker_CalendarUITestsLaunchTests.swift */ = {isa = PBXFileReference; lastKnownFileType = sourcecode.swift; path = Habit_Tracker_CalendarUITestsLaunchTests.swift; sourceTree = "<group>"; };
/* End PBXFileReference section */

/* Begin PBXFrameworksBuildPhase section */
		F3DC1D032968D107008D124E /* Frameworks */ = {
			isa = PBXFrameworksBuildPhase;
			buildActionMask = 2147483647;
			files = (
			);
			runOnlyForDeploymentPostprocessing = 0;
		};
		F3DC1D1C2968D108008D124E /* Frameworks */ = {
			isa = PBXFrameworksBuildPhase;
			buildActionMask = 2147483647;
			files = (
			);
			runOnlyForDeploymentPostprocessing = 0;
		};
		F3DC1D262968D108008D124E /* Frameworks */ = {
			isa = PBXFrameworksBuildPhase;
			buildActionMask = 2147483647;
			files = (
			);
			runOnlyForDeploymentPostprocessing = 0;
		};
/* End PBXFrameworksBuildPhase section */

/* Begin PBXGroup section */
		F3DC1CFD2968D107008D124E = {
			isa = PBXGroup;
			children = (
				F3DC1D082968D107008D124E /* Habit Tracker Calendar */,
				F3DC1D222968D108008D124E /* Habit Tracker CalendarTests */,
				F3DC1D2C2968D108008D124E /* Habit Tracker CalendarUITests */,
				F3DC1D072968D107008D124E /* Products */,
			);
			sourceTree = "<group>";
		};
		F3DC1D072968D107008D124E /* Products */ = {
			isa = PBXGroup;
			children = (
				F3DC1D062968D107008D124E /* Habit Tracker Calendar.app */,
				F3DC1D1F2968D108008D124E /* Habit Tracker CalendarTests.xctest */,
				F3DC1D292968D108008D124E /* Habit Tracker CalendarUITests.xctest */,
			);
			name = Products;
			sourceTree = "<group>";
		};
		F3DC1D082968D107008D124E /* Habit Tracker Calendar */ = {
			isa = PBXGroup;
			children = (
				F3DC1D092968D107008D124E /* AppDelegate.swift */,
				F3DC1D0B2968D107008D124E /* SceneDelegate.swift */,
				F3DC1D0D2968D107008D124E /* ViewController.swift */,
				F3DC1D0F2968D107008D124E /* Main.storyboard */,
				F3DC1D152968D108008D124E /* Assets.xcassets */,
				F3DC1D172968D108008D124E /* LaunchScreen.storyboard */,
				F3DC1D1A2968D108008D124E /* Info.plist */,
				F3DC1D122968D107008D124E /* Habit_Tracker_Calendar.xcdatamodeld */,
			);
			path = "Habit Tracker Calendar";
			sourceTree = "<group>";
		};
		F3DC1D222968D108008D124E /* Habit Tracker CalendarTests */ = {
			isa = PBXGroup;
			children = (
				F3DC1D232968D108008D124E /* Habit_Tracker_CalendarTests.swift */,
			);
			path = "Habit Tracker CalendarTests";
			sourceTree = "<group>";
		};
		F3DC1D2C2968D108008D124E /* Habit Tracker CalendarUITests */ = {
			isa = PBXGroup;
			children = (
				F3DC1D2D2968D108008D124E /* Habit_Tracker_CalendarUITests.swift */,
				F3DC1D2F2968D108008D124E /* Habit_Tracker_CalendarUITestsLaunchTests.swift */,
			);
			path = "Habit Tracker CalendarUITests";
			sourceTree = "<group>";
		};
/* End PBXGroup section */

/* Begin PBXNativeTarget section */
		F3DC1D052968D107008D124E /* Habit Tracker Calendar */ = {
			isa = PBXNativeTarget;
			buildConfigurationList = F3DC1D332968D108008D124E /* Build configuration list for PBXNativeTarget "Habit Tracker Calendar" */;
			buildPhases = (
				F3DC1D022968D107008D124E /* Sources */,
				F3DC1D032968D107008D124E /* Frameworks */,
				F3DC1D042968D107008D124E /* Resources */,
			);
			buildRules = (
			);
			dependencies = (
			);
			name = "Habit Tracker Calendar";
			productName = "Habit Tracker Calendar";
			productReference = F3DC1D062968D107008D124E /* Habit Tracker Calendar.app */;
			productType = "com.apple.product-type.application";
		};
		F3DC1D1E2968D108008D124E /* Habit Tracker CalendarTests */ = {
			isa = PBXNativeTarget;
			buildConfigurationList = F3DC1D362968D108008D124E /* Build configuration list for PBXNativeTarget "Habit Tracker CalendarTests" */;
			buildPhases = (
				F3DC1D1B2968D108008D124E /* Sources */,
				F3DC1D1C2968D108008D124E /* Frameworks */,
				F3DC1D1D2968D108008D124E /* Resources */,
			);
			buildRules = (
			);
			dependencies = (
				F3DC1D212968D108008D124E /* PBXTargetDependency */,
			);
			name = "Habit Tracker CalendarTests";
			productName = "Habit Tracker CalendarTests";
			productReference = F3DC1D1F2968D108008D124E /* Habit Tracker CalendarTests.xctest */;
			productType = "com.apple.product-type.bundle.unit-test";
		};
		F3DC1D282968D108008D124E /* Habit Tracker CalendarUITests */ = {
			isa = PBXNativeTarget;
			buildConfigurationList = F3DC1D392968D108008D124E /* Build configuration list for PBXNativeTarget "Habit Tracker CalendarUITests" */;
			buildPhases = (
				F3DC1D252968D108008D124E /* Sources */,
				F3DC1D262968D108008D124E /* Frameworks */,
				F3DC1D272968D108008D124E /* Resources */,
			);
			buildRules = (
			);
			dependencies = (
				F3DC1D2B2968D108008D124E /* PBXTargetDependency */,
			);
			name = "Habit Tracker CalendarUITests";
			productName = "Habit Tracker CalendarUITests";
			productReference = F3DC1D292968D108008D124E /* Habit Tracker CalendarUITests.xctest */;
			productType = "com.apple.product-type.bundle.ui-testing";
		};
/* End PBXNativeTarget section */

/* Begin PBXProject section */
		F3DC1CFE2968D107008D124E /* Project object */ = {
			isa = PBXProject;
			attributes = {
				BuildIndependentTargetsInParallel = 1;
				LastSwiftUpdateCheck = 1420;
				LastUpgradeCheck = 1420;
				TargetAttributes = {
					F3DC1D052968D107008D124E = {
						CreatedOnToolsVersion = 14.2;
					};
					F3DC1D1E2968D108008D124E = {
						CreatedOnToolsVersion = 14.2;
						TestTargetID = F3DC1D052968D107008D124E;
					};
					F3DC1D282968D108008D124E = {
						CreatedOnToolsVersion = 14.2;
						TestTargetID = F3DC1D052968D107008D124E;
					};
				};
			};
			buildConfigurationList = F3DC1D012968D107008D124E /* Build configuration list for PBXProject "Habit Tracker Calendar" */;
			compatibilityVersion = "Xcode 14.0";
			developmentRegion = en;
			hasScannedForEncodings = 0;
			knownRegions = (
				en,
				Base,
			);
			mainGroup = F3DC1CFD2968D107008D124E;
			productRefGroup = F3DC1D072968D107008D124E /* Products */;
			projectDirPath = "";
			projectRoot = "";
			targets = (
				F3DC1D052968D107008D124E /* Habit Tracker Calendar */,
				F3DC1D1E2968D108008D124E /* Habit Tracker CalendarTests */,
				F3DC1D282968D108008D124E /* Habit Tracker CalendarUITests */,
			);
		};
/* End PBXProject section */

/* Begin PBXResourcesBuildPhase section */
		F3DC1D042968D107008D124E /* Resources */ = {
			isa = PBXResourcesBuildPhase;
			buildActionMask = 2147483647;
			files = (
				F3DC1D192968D108008D124E /* LaunchScreen.storyboard in Resources */,
				F3DC1D162968D108008D124E /* Assets.xcassets in Resources */,
				F3DC1D112968D107008D124E /* Main.storyboard in Resources */,
			);
			runOnlyForDeploymentPostprocessing = 0;
		};
		F3DC1D1D2968D108008D124E /* Resources */ = {
			isa = PBXResourcesBuildPhase;
			buildActionMask = 2147483647;
			files = (
			);
			runOnlyForDeploymentPostprocessing = 0;
		};
		F3DC1D272968D108008D124E /* Resources */ = {
			isa = PBXResourcesBuildPhase;
			buildActionMask = 2147483647;
			files = (
			);
			runOnlyForDeploymentPostprocessing = 0;
		};
/* End PBXResourcesBuildPhase section */

/* Begin PBXSourcesBuildPhase section */
		F3DC1D022968D107008D124E /* Sources */ = {
			isa = PBXSourcesBuildPhase;
			buildActionMask = 2147483647;
			files = (
				F3DC1D0E2968D107008D124E /* ViewController.swift in Sources */,
				F3DC1D0A2968D107008D124E /* AppDelegate.swift in Sources */,
				F3DC1D0C2968D107008D124E /* SceneDelegate.swift in Sources */,
				F3DC1D142968D107008D124E /* Habit_Tracker_Calendar.xcdatamodeld in Sources */,
			);
			runOnlyForDeploymentPostprocessing = 0;
		};
		F3DC1D1B2968D108008D124E /* Sources */ = {
			isa = PBXSourcesBuildPhase;
			buildActionMask = 2147483647;
			files = (
				F3DC1D242968D108008D124E /* Habit_Tracker_CalendarTests.swift in Sources */,
			);
			runOnlyForDeploymentPostprocessing = 0;
		};
		F3DC1D252968D108008D124E /* Sources */ = {
			isa = PBXSourcesBuildPhase;
			buildActionMask = 2147483647;
			files = (
				F3DC1D302968D108008D124E /* Habit_Tracker_CalendarUITestsLaunchTests.swift in Sources */,
				F3DC1D2E2968D108008D124E /* Habit_Tracker_CalendarUITests.swift in Sources */,
			);
			runOnlyForDeploymentPostprocessing = 0;
		};
/* End PBXSourcesBuildPhase section */

/* Begin PBXTargetDependency section */
		F3DC1D212968D108008D124E /* PBXTargetDependency */ = {
			isa = PBXTargetDependency;
			target = F3DC1D052968D107008D124E /* Habit Tracker Calendar */;
			targetProxy = F3DC1D202968D108008D124E /* PBXContainerItemProxy */;
		};
		F3DC1D2B2968D108008D124E /* PBXTargetDependency */ = {
			isa = PBXTargetDependency;
			target = F3DC1D052968D107008D124E /* Habit Tracker Calendar */;
			targetProxy = F3DC1D2A2968D108008D124E /* PBXContainerItemProxy */;
		};
/* End PBXTargetDependency section */

/* Begin PBXVariantGroup section */
		F3DC1D0F2968D107008D124E /* Main.storyboard */ = {
			isa = PBXVariantGroup;
			children = (
				F3DC1D102968D107008D124E /* Base */,
			);
			name = Main.storyboard;
			sourceTree = "<group>";
		};
		F3DC1D172968D108008D124E /* LaunchScreen.storyboard */ = {
			isa = PBXVariantGroup;
			children = (
				F3DC1D182968D108008D124E /* Base */,
			);
			name = LaunchScreen.storyboard;
			sourceTree = "<group>";
		};
/* End PBXVariantGroup section */

/* Begin XCBuildConfiguration section */
		F3DC1D312968D108008D124E /* Debug */ = {
			isa = XCBuildConfiguration;
			buildSettings = {
				ALWAYS_SEARCH_USER_PATHS = NO;
				CLANG_ANALYZER_NONNULL = YES;
				CLANG_ANALYZER_NUMBER_OBJECT_CONVERSION = YES_AGGRESSIVE;
				CLANG_CXX_LANGUAGE_STANDARD = "gnu++20";
				CLANG_ENABLE_MODULES = YES;
				CLANG_ENABLE_OBJC_ARC = YES;
				CLANG_ENABLE_OBJC_WEAK = YES;
				CLANG_WARN_BLOCK_CAPTURE_AUTORELEASING = YES;
				CLANG_WARN_BOOL_CONVERSION = YES;
				CLANG_WARN_COMMA = YES;
				CLANG_WARN_CONSTANT_CONVERSION = YES;
				CLANG_WARN_DEPRECATED_OBJC_IMPLEMENTATIONS = YES;
				CLANG_WARN_DIRECT_OBJC_ISA_USAGE = YES_ERROR;
				CLANG_WARN_DOCUMENTATION_COMMENTS = YES;
				CLANG_WARN_EMPTY_BODY = YES;
				CLANG_WARN_ENUM_CONVERSION = YES;
				CLANG_WARN_INFINITE_RECURSION = YES;
				CLANG_WARN_INT_CONVERSION = YES;
				CLANG_WARN_NON_LITERAL_NULL_CONVERSION = YES;
				CLANG_WARN_OBJC_IMPLICIT_RETAIN_SELF = YES;
				CLANG_WARN_OBJC_LITERAL_CONVERSION = YES;
				CLANG_WARN_OBJC_ROOT_CLASS = YES_ERROR;
				CLANG_WARN_QUOTED_INCLUDE_IN_FRAMEWORK_HEADER = YES;
				CLANG_WARN_RANGE_LOOP_ANALYSIS = YES;
				CLANG_WARN_STRICT_PROTOTYPES = YES;
				CLANG_WARN_SUSPICIOUS_MOVE = YES;
				CLANG_WARN_UNGUARDED_AVAILABILITY = YES_AGGRESSIVE;
				CLANG_WARN_UNREACHABLE_CODE = YES;
				CLANG_WARN__DUPLICATE_METHOD_MATCH = YES;
				COPY_PHASE_STRIP = NO;
				DEBUG_INFORMATION_FORMAT = dwarf;
				ENABLE_STRICT_OBJC_MSGSEND = YES;
				ENABLE_TESTABILITY = YES;
				GCC_C_LANGUAGE_STANDARD = gnu11;
				GCC_DYNAMIC_NO_PIC = NO;
				GCC_NO_COMMON_BLOCKS = YES;
				GCC_OPTIMIZATION_LEVEL = 0;
				GCC_PREPROCESSOR_DEFINITIONS = (
					"DEBUG=1",
					"$(inherited)",
				);
				GCC_WARN_64_TO_32_BIT_CONVERSION = YES;
				GCC_WARN_ABOUT_RETURN_TYPE = YES_ERROR;
				GCC_WARN_UNDECLARED_SELECTOR = YES;
				GCC_WARN_UNINITIALIZED_AUTOS = YES_AGGRESSIVE;
				GCC_WARN_UNUSED_FUNCTION = YES;
				GCC_WARN_UNUSED_VARIABLE = YES;
				IPHONEOS_DEPLOYMENT_TARGET = 16.2;
				MTL_ENABLE_DEBUG_INFO = INCLUDE_SOURCE;
				MTL_FAST_MATH = YES;
				ONLY_ACTIVE_ARCH = YES;
				SDKROOT = iphoneos;
				SWIFT_ACTIVE_COMPILATION_CONDITIONS = DEBUG;
				SWIFT_OPTIMIZATION_LEVEL = "-Onone";
			};
			name = Debug;
		};
		F3DC1D322968D108008D124E /* Release */ = {
			isa = XCBuildConfiguration;
			buildSettings = {
				ALWAYS_SEARCH_USER_PATHS = NO;
				CLANG_ANALYZER_NONNULL = YES;
				CLANG_ANALYZER_NUMBER_OBJECT_CONVERSION = YES_AGGRESSIVE;
				CLANG_CXX_LANGUAGE_STANDARD = "gnu++20";
				CLANG_ENABLE_MODULES = YES;
				CLANG_ENABLE_OBJC_ARC = YES;
				CLANG_ENABLE_OBJC_WEAK = YES;
				CLANG_WARN_BLOCK_CAPTURE_AUTORELEASING = YES;
				CLANG_WARN_BOOL_CONVERSION = YES;
				CLANG_WARN_COMMA = YES;
				CLANG_WARN_CONSTANT_CONVERSION = YES;
				CLANG_WARN_DEPRECATED_OBJC_IMPLEMENTATIONS = YES;
				CLANG_WARN_DIRECT_OBJC_ISA_USAGE = YES_ERROR;
				CLANG_WARN_DOCUMENTATION_COMMENTS = YES;
				CLANG_WARN_EMPTY_BODY = YES;
				CLANG_WARN_ENUM_CONVERSION = YES;
				CLANG_WARN_INFINITE_RECURSION = YES;
				CLANG_WARN_INT_CONVERSION = YES;
				CLANG_WARN_NON_LITERAL_NULL_CONVERSION = YES;
				CLANG_WARN_OBJC_IMPLICIT_RETAIN_SELF = YES;
				CLANG_WARN_OBJC_LITERAL_CONVERSION = YES;
				CLANG_WARN_OBJC_ROOT_CLASS = YES_ERROR;
				CLANG_WARN_QUOTED_INCLUDE_IN_FRAMEWORK_HEADER = YES;
				CLANG_WARN_RANGE_LOOP_ANALYSIS = YES;
				CLANG_WARN_STRICT_PROTOTYPES = YES;
				CLANG_WARN_SUSPICIOUS_MOVE = YES;
				CLANG_WARN_UNGUARDED_AVAILABILITY = YES_AGGRESSIVE;
				CLANG_WARN_UNREACHABLE_CODE = YES;
				CLANG_WARN__DUPLICATE_METHOD_MATCH = YES;
				COPY_PHASE_STRIP = NO;
				DEBUG_INFORMATION_FORMAT = "dwarf-with-dsym";
				ENABLE_NS_ASSERTIONS = NO;
				ENABLE_STRICT_OBJC_MSGSEND = YES;
				GCC_C_LANGUAGE_STANDARD = gnu11;
				GCC_NO_COMMON_BLOCKS = YES;
				GCC_WARN_64_TO_32_BIT_CONVERSION = YES;
				GCC_WARN_ABOUT_RETURN_TYPE = YES_ERROR;
				GCC_WARN_UNDECLARED_SELECTOR = YES;
				GCC_WARN_UNINITIALIZED_AUTOS = YES_AGGRESSIVE;
				GCC_WARN_UNUSED_FUNCTION = YES;
				GCC_WARN_UNUSED_VARIABLE = YES;
				IPHONEOS_DEPLOYMENT_TARGET = 16.2;
				MTL_ENABLE_DEBUG_INFO = NO;
				MTL_FAST_MATH = YES;
				SDKROOT = iphoneos;
				SWIFT_COMPILATION_MODE = wholemodule;
				SWIFT_OPTIMIZATION_LEVEL = "-O";
				VALIDATE_PRODUCT = YES;
			};
			name = Release;
		};
		F3DC1D342968D108008D124E /* Debug */ = {
			isa = XCBuildConfiguration;
			buildSettings = {
				ASSETCATALOG_COMPILER_APPICON_NAME = AppIcon;
				ASSETCATALOG_COMPILER_GLOBAL_ACCENT_COLOR_NAME = AccentColor;
				CODE_SIGN_STYLE = Automatic;
				CURRENT_PROJECT_VERSION = 1;
				DEVELOPMENT_TEAM = 22DVX8F9MG;
				GENERATE_INFOPLIST_FILE = YES;
				INFOPLIST_FILE = "Habit Tracker Calendar/Info.plist";
				INFOPLIST_KEY_UIApplicationSupportsIndirectInputEvents = YES;
				INFOPLIST_KEY_UILaunchStoryboardName = LaunchScreen;
				INFOPLIST_KEY_UIMainStoryboardFile = Main;
				INFOPLIST_KEY_UISupportedInterfaceOrientations_iPad = "UIInterfaceOrientationPortrait UIInterfaceOrientationPortraitUpsideDown UIInterfaceOrientationLandscapeLeft UIInterfaceOrientationLandscapeRight";
				INFOPLIST_KEY_UISupportedInterfaceOrientations_iPhone = "UIInterfaceOrientationPortrait UIInterfaceOrientationLandscapeLeft UIInterfaceOrientationLandscapeRight";
				LD_RUNPATH_SEARCH_PATHS = (
					"$(inherited)",
					"@executable_path/Frameworks",
				);
				MARKETING_VERSION = 1.0;
				PRODUCT_BUNDLE_IDENTIFIER = "com.huntoxhunto.Habit-Tracker-Calendar";
				PRODUCT_NAME = "$(TARGET_NAME)";
				SWIFT_EMIT_LOC_STRINGS = YES;
				SWIFT_VERSION = 5.0;
				TARGETED_DEVICE_FAMILY = "1,2";
			};
			name = Debug;
		};
		F3DC1D352968D108008D124E /* Release */ = {
			isa = XCBuildConfiguration;
			buildSettings = {
				ASSETCATALOG_COMPILER_APPICON_NAME = AppIcon;
				ASSETCATALOG_COMPILER_GLOBAL_ACCENT_COLOR_NAME = AccentColor;
				CODE_SIGN_STYLE = Automatic;
				CURRENT_PROJECT_VERSION = 1;
				DEVELOPMENT_TEAM = 22DVX8F9MG;
				GENERATE_INFOPLIST_FILE = YES;
				INFOPLIST_FILE = "Habit Tracker Calendar/Info.plist";
				INFOPLIST_KEY_UIApplicationSupportsIndirectInputEvents = YES;
				INFOPLIST_KEY_UILaunchStoryboardName = LaunchScreen;
				INFOPLIST_KEY_UIMainStoryboardFile = Main;
				INFOPLIST_KEY_UISupportedInterfaceOrientations_iPad = "UIInterfaceOrientationPortrait UIInterfaceOrientationPortraitUpsideDown UIInterfaceOrientationLandscapeLeft UIInterfaceOrientationLandscapeRight";
				INFOPLIST_KEY_UISupportedInterfaceOrientations_iPhone = "UIInterfaceOrientationPortrait UIInterfaceOrientationLandscapeLeft UIInterfaceOrientationLandscapeRight";
				LD_RUNPATH_SEARCH_PATHS = (
					"$(inherited)",
					"@executable_path/Frameworks",
				);
				MARKETING_VERSION = 1.0;
				PRODUCT_BUNDLE_IDENTIFIER = "com.huntoxhunto.Habit-Tracker-Calendar";
				PRODUCT_NAME = "$(TARGET_NAME)";
				SWIFT_EMIT_LOC_STRINGS = YES;
				SWIFT_VERSION = 5.0;
				TARGETED_DEVICE_FAMILY = "1,2";
			};
			name = Release;
		};
		F3DC1D372968D108008D124E /* Debug */ = {
			isa = XCBuildConfiguration;
			buildSettings = {
				ALWAYS_EMBED_SWIFT_STANDARD_LIBRARIES = YES;
				BUNDLE_LOADER = "$(TEST_HOST)";
				CODE_SIGN_STYLE = Automatic;
				CURRENT_PROJECT_VERSION = 1;
				DEVELOPMENT_TEAM = 22DVX8F9MG;
				GENERATE_INFOPLIST_FILE = YES;
				IPHONEOS_DEPLOYMENT_TARGET = 16.2;
				MARKETING_VERSION = 1.0;
				PRODUCT_BUNDLE_IDENTIFIER = "com.huntoxhunto.Habit-Tracker-CalendarTests";
				PRODUCT_NAME = "$(TARGET_NAME)";
				SWIFT_EMIT_LOC_STRINGS = NO;
				SWIFT_VERSION = 5.0;
				TARGETED_DEVICE_FAMILY = "1,2";
				TEST_HOST = "$(BUILT_PRODUCTS_DIR)/Habit Tracker Calendar.app/$(BUNDLE_EXECUTABLE_FOLDER_PATH)/Habit Tracker Calendar";
			};
			name = Debug;
		};
		F3DC1D382968D108008D124E /* Release */ = {
			isa = XCBuildConfiguration;
			buildSettings = {
				ALWAYS_EMBED_SWIFT_STANDARD_LIBRARIES = YES;
				BUNDLE_LOADER = "$(TEST_HOST)";
				CODE_SIGN_STYLE = Automatic;
				CURRENT_PROJECT_VERSION = 1;
				DEVELOPMENT_TEAM = 22DVX8F9MG;
				GENERATE_INFOPLIST_FILE = YES;
				IPHONEOS_DEPLOYMENT_TARGET = 16.2;
				MARKETING_VERSION = 1.0;
				PRODUCT_BUNDLE_IDENTIFIER = "com.huntoxhunto.Habit-Tracker-CalendarTests";
				PRODUCT_NAME = "$(TARGET_NAME)";
				SWIFT_EMIT_LOC_STRINGS = NO;
				SWIFT_VERSION = 5.0;
				TARGETED_DEVICE_FAMILY = "1,2";
				TEST_HOST = "$(BUILT_PRODUCTS_DIR)/Habit Tracker Calendar.app/$(BUNDLE_EXECUTABLE_FOLDER_PATH)/Habit Tracker Calendar";
			};
			name = Release;
		};
		F3DC1D3A2968D108008D124E /* Debug */ = {
			isa = XCBuildConfiguration;
			buildSettings = {
				ALWAYS_EMBED_SWIFT_STANDARD_LIBRARIES = YES;
				CODE_SIGN_STYLE = Automatic;
				CURRENT_PROJECT_VERSION = 1;
				DEVELOPMENT_TEAM = 22DVX8F9MG;
				GENERATE_INFOPLIST_FILE = YES;
				MARKETING_VERSION = 1.0;
				PRODUCT_BUNDLE_IDENTIFIER = "com.huntoxhunto.Habit-Tracker-CalendarUITests";
				PRODUCT_NAME = "$(TARGET_NAME)";
				SWIFT_EMIT_LOC_STRINGS = NO;
				SWIFT_VERSION = 5.0;
				TARGETED_DEVICE_FAMILY = "1,2";
				TEST_TARGET_NAME = "Habit Tracker Calendar";
			};
			name = Debug;
		};
		F3DC1D3B2968D108008D124E /* Release */ = {
			isa = XCBuildConfiguration;
			buildSettings = {
				ALWAYS_EMBED_SWIFT_STANDARD_LIBRARIES = YES;
				CODE_SIGN_STYLE = Automatic;
				CURRENT_PROJECT_VERSION = 1;
				DEVELOPMENT_TEAM = 22DVX8F9MG;
				GENERATE_INFOPLIST_FILE = YES;
				MARKETING_VERSION = 1.0;
				PRODUCT_BUNDLE_IDENTIFIER = "com.huntoxhunto.Habit-Tracker-CalendarUITests";
				PRODUCT_NAME = "$(TARGET_NAME)";
				SWIFT_EMIT_LOC_STRINGS = NO;
				SWIFT_VERSION = 5.0;
				TARGETED_DEVICE_FAMILY = "1,2";
				TEST_TARGET_NAME = "Habit Tracker Calendar";
			};
			name = Release;
		};
/* End XCBuildConfiguration section */

/* Begin XCConfigurationList section */
		F3DC1D012968D107008D124E /* Build configuration list for PBXProject "Habit Tracker Calendar" */ = {
			isa = XCConfigurationList;
			buildConfigurations = (
				F3DC1D312968D108008D124E /* Debug */,
				F3DC1D322968D108008D124E /* Release */,
			);
			defaultConfigurationIsVisible = 0;
			defaultConfigurationName = Release;
		};
		F3DC1D332968D108008D124E /* Build configuration list for PBXNativeTarget "Habit Tracker Calendar" */ = {
			isa = XCConfigurationList;
			buildConfigurations = (
				F3DC1D342968D108008D124E /* Debug */,
				F3DC1D352968D108008D124E /* Release */,
			);
			defaultConfigurationIsVisible = 0;
			defaultConfigurationName = Release;
		};
		F3DC1D362968D108008D124E /* Build configuration list for PBXNativeTarget "Habit Tracker CalendarTests" */ = {
			isa = XCConfigurationList;
			buildConfigurations = (
				F3DC1D372968D108008D124E /* Debug */,
				F3DC1D382968D108008D124E /* Release */,
			);
			defaultConfigurationIsVisible = 0;
			defaultConfigurationName = Release;
		};
		F3DC1D392968D108008D124E /* Build configuration list for PBXNativeTarget "Habit Tracker CalendarUITests" */ = {
			isa = XCConfigurationList;
			buildConfigurations = (
				F3DC1D3A2968D108008D124E /* Debug */,
				F3DC1D3B2968D108008D124E /* Release */,
			);
			defaultConfigurationIsVisible = 0;
			defaultConfigurationName = Release;
		};
/* End XCConfigurationList section */

/* Begin XCVersionGroup section */
		F3DC1D122968D107008D124E /* Habit_Tracker_Calendar.xcdatamodeld */ = {
			isa = XCVersionGroup;
			children = (
				F3DC1D132968D107008D124E /* Habit_Tracker_Calendar.xcdatamodel */,
			);
			currentVersion = F3DC1D132968D107008D124E /* Habit_Tracker_Calendar.xcdatamodel */;
			path = Habit_Tracker_Calendar.xcdatamodeld;
			sourceTree = "<group>";
			versionGroupType = wrapper.xcdatamodel;
		};
/* End XCVersionGroup section */
	};
	rootObject = F3DC1CFE2968D107008D124E /* Project object */;
}
